{
  "object": {
    "pins": [
      {
        "package": "Alamofire",
        "repositoryURL": "https://github.com/Alamofire/Alamofire.git",
        "state": {
          "branch": null,
          "revision": "32573d05b91d8b7349ca31b4726e80212483f02a",
          "version": "4.8.0"
        }
      },
      {
        "package": "Kiri",
        "repositoryURL": "https://github.com/junkpiano/Kiri.git",
        "state": {
          "branch": null,
          "revision": "a1b2c6e646f55a3335807ff9ccc5a4fa018f1feb",
          "version": "1.1.0"
        }
      }
    ]
  },
  "version": 1
}
